
Microsoft Visual Studio Solution File, Format Version 12.00
# Visual Studio Version 17
VisualStudioVersion = 17.7.34202.233
MinimumVisualStudioVersion = 10.0.40219.1
Project("{9A19103F-16F7-4668-BE54-9A1E7A4F7556}") = "SWD392.OutfitBox.API", ".\SWD392.OutfitBox.API\SWD392.OutfitBox.API.csproj", "{86B98CBA-2B5F-40F4-8888-85A57A41D8B4}"
EndProject
Project("{9A19103F-16F7-4668-BE54-9A1E7A4F7556}") = "SWD392.OutfitBox.Core", ".\SWD392.OutfitBox.Core\SWD392.OutfitBox.Core.csproj", "{CE933418-B526-4C37-88D5-988F9A180A0D}"
EndProject
Project("{9A19103F-16F7-4668-BE54-9A1E7A4F7556}") = "SWD392.OutfitBox.Domain", ".\SWD392.OutfitBox.Domain\SWD392.OutfitBox.Domain.csproj", "{1D6AD790-C0D2-4A12-B07E-FB1171CBC07C}"
EndProject
Project("{FAE04EC0-301F-11D3-BF4B-00C04F79EFBC}") = "SWD392.OutfitBox.Infrastructure", ".\SWD392.OutfitBox.Infrastructures\SWD392.OutfitBox.Infrastructure.csproj", "{B3B11C48-4A96-416C-8616-BBFE22A9C4E1}"
EndProject
Global
	GlobalSection(SolutionConfigurationPlatforms) = preSolution
		Debug|Any CPU = Debug|Any CPU
		Release|Any CPU = Release|Any CPU
	EndGlobalSection
	GlobalSection(ProjectConfigurationPlatforms) = postSolution
		{86B98CBA-2B5F-40F4-8888-85A57A41D8B4}.Debug|Any CPU.ActiveCfg = Debug|Any CPU
		{86B98CBA-2B5F-40F4-8888-85A57A41D8B4}.Debug|Any CPU.Build.0 = Debug|Any CPU
		{86B98CBA-2B5F-40F4-8888-85A57A41D8B4}.Release|Any CPU.ActiveCfg = Release|Any CPU
		{86B98CBA-2B5F-40F4-8888-85A57A41D8B4}.Release|Any CPU.Build.0 = Release|Any CPU
		{CE933418-B526-4C37-88D5-988F9A180A0D}.Debug|Any CPU.ActiveCfg = Debug|Any CPU
		{CE933418-B526-4C37-88D5-988F9A180A0D}.Debug|Any CPU.Build.0 = Debug|Any CPU
		{CE933418-B526-4C37-88D5-988F9A180A0D}.Release|Any CPU.ActiveCfg = Release|Any CPU
		{CE933418-B526-4C37-88D5-988F9A180A0D}.Release|Any CPU.Build.0 = Release|Any CPU
		{1D6AD790-C0D2-4A12-B07E-FB1171CBC07C}.Debug|Any CPU.ActiveCfg = Debug|Any CPU
		{1D6AD790-C0D2-4A12-B07E-FB1171CBC07C}.Debug|Any CPU.Build.0 = Debug|Any CPU
		{1D6AD790-C0D2-4A12-B07E-FB1171CBC07C}.Release|Any CPU.ActiveCfg = Release|Any CPU
		{1D6AD790-C0D2-4A12-B07E-FB1171CBC07C}.Release|Any CPU.Build.0 = Release|Any CPU
		{B3B11C48-4A96-416C-8616-BBFE22A9C4E1}.Debug|Any CPU.ActiveCfg = Debug|Any CPU
		{B3B11C48-4A96-416C-8616-BBFE22A9C4E1}.Debug|Any CPU.Build.0 = Debug|Any CPU
		{B3B11C48-4A96-416C-8616-BBFE22A9C4E1}.Release|Any CPU.ActiveCfg = Release|Any CPU
		{B3B11C48-4A96-416C-8616-BBFE22A9C4E1}.Release|Any CPU.Build.0 = Release|Any CPU
	EndGlobalSection
	GlobalSection(SolutionProperties) = preSolution
		HideSolutionNode = FALSE
	EndGlobalSection
	GlobalSection(ExtensibilityGlobals) = postSolution
		SolutionGuid = {670C7238-8E94-443D-B23A-F78FE2DBD031}
	EndGlobalSection
EndGlobal
